
Microsoft Visual Studio Solution File, Format Version 12.00
# Visual Studio Version 16
VisualStudioVersion = 16.0.29911.84
MinimumVisualStudioVersion = 10.0.40219.1
Project("{FAE04EC0-301F-11D3-BF4B-00C04F79EFBC}") = "WindowsService1", "WindowsService1\WindowsService1.csproj", "{BC487038-FEC4-4A02-A5E3-2445A0093679}"
EndProject
Project("{FAE04EC0-301F-11D3-BF4B-00C04F79EFBC}") = "WindowsFormsApp1", "WindowsFormsApp1\WindowsFormsApp1.csproj", "{959800EE-B727-4B69-8E7C-E3DF1F8BE005}"
EndProject
Global
	GlobalSection(SolutionConfigurationPlatforms) = preSolution
		Debug|Any CPU = Debug|Any CPU
		Release|Any CPU = Release|Any CPU
	EndGlobalSection
	GlobalSection(ProjectConfigurationPlatforms) = postSolution
		{BC487038-FEC4-4A02-A5E3-2445A0093679}.Debug|Any CPU.ActiveCfg = Debug|Any CPU
		{BC487038-FEC4-4A02-A5E3-2445A0093679}.Debug|Any CPU.Build.0 = Debug|Any CPU
		{BC487038-FEC4-4A02-A5E3-2445A0093679}.Release|Any CPU.ActiveCfg = Release|Any CPU
		{BC487038-FEC4-4A02-A5E3-2445A0093679}.Release|Any CPU.Build.0 = Release|Any CPU
		{959800EE-B727-4B69-8E7C-E3DF1F8BE005}.Debug|Any CPU.ActiveCfg = Debug|Any CPU
		{959800EE-B727-4B69-8E7C-E3DF1F8BE005}.Debug|Any CPU.Build.0 = Debug|Any CPU
		{959800EE-B727-4B69-8E7C-E3DF1F8BE005}.Release|Any CPU.ActiveCfg = Release|Any CPU
		{959800EE-B727-4B69-8E7C-E3DF1F8BE005}.Release|Any CPU.Build.0 = Release|Any CPU
	EndGlobalSection
	GlobalSection(SolutionProperties) = preSolution
		HideSolutionNode = FALSE
	EndGlobalSection
	GlobalSection(ExtensibilityGlobals) = postSolution
		SolutionGuid = {AAC25883-5DCC-4966-9EF7-F21643349ED4}
	EndGlobalSection
EndGlobal
